
Microsoft Visual Studio Solution File, Format Version 12.00
# Visual Studio Version 16
VisualStudioVersion = 16.0.31105.61
MinimumVisualStudioVersion = 10.0.40219.1
Project("{9A19103F-16F7-4668-BE54-9A1E7A4F7556}") = "gapi", "gapi\gapi.csproj", "{85B83368-BC49-483B-9C02-543098BF32AC}"
EndProject
Global
	GlobalSection(SolutionConfigurationPlatforms) = preSolution
		Debug|Any CPU = Debug|Any CPU
		Release|Any CPU = Release|Any CPU
	EndGlobalSection
	GlobalSection(ProjectConfigurationPlatforms) = postSolution
		{85B83368-BC49-483B-9C02-543098BF32AC}.Debug|Any CPU.ActiveCfg = Debug|Any CPU
		{85B83368-BC49-483B-9C02-543098BF32AC}.Debug|Any CPU.Build.0 = Debug|Any CPU
		{85B83368-BC49-483B-9C02-543098BF32AC}.Release|Any CPU.ActiveCfg = Release|Any CPU
		{85B83368-BC49-483B-9C02-543098BF32AC}.Release|Any CPU.Build.0 = Release|Any CPU
	EndGlobalSection
	GlobalSection(SolutionProperties) = preSolution
		HideSolutionNode = FALSE
	EndGlobalSection
	GlobalSection(ExtensibilityGlobals) = postSolution
		SolutionGuid = {0E7457BB-666A-4B98-980B-DE7457B74BF8}
	EndGlobalSection
EndGlobal
